
Microsoft Visual Studio Solution File, Format Version 12.00
# Visual Studio 15
VisualStudioVersion = 15.0.27703.2026
MinimumVisualStudioVersion = 10.0.40219.1
Project("{FAE04EC0-301F-11D3-BF4B-00C04F79EFBC}") = "crudapi", "crudapi\crudapi.csproj", "{12CFDB88-75A0-44C3-9D7E-9F8F4C3844A7}"
EndProject
Global
	GlobalSection(SolutionConfigurationPlatforms) = preSolution
		Debug|Any CPU = Debug|Any CPU
		Release|Any CPU = Release|Any CPU
	EndGlobalSection
	GlobalSection(ProjectConfigurationPlatforms) = postSolution
		{12CFDB88-75A0-44C3-9D7E-9F8F4C3844A7}.Debug|Any CPU.ActiveCfg = Debug|Any CPU
		{12CFDB88-75A0-44C3-9D7E-9F8F4C3844A7}.Debug|Any CPU.Build.0 = Debug|Any CPU
		{12CFDB88-75A0-44C3-9D7E-9F8F4C3844A7}.Release|Any CPU.ActiveCfg = Release|Any CPU
		{12CFDB88-75A0-44C3-9D7E-9F8F4C3844A7}.Release|Any CPU.Build.0 = Release|Any CPU
	EndGlobalSection
	GlobalSection(SolutionProperties) = preSolution
		HideSolutionNode = FALSE
	EndGlobalSection
	GlobalSection(ExtensibilityGlobals) = postSolution
		SolutionGuid = {9FF95EB3-66CC-40E2-932F-7F8A2DB1E074}
	EndGlobalSection
EndGlobal
